
Microsoft Visual Studio Solution File, Format Version 12.00
# Visual Studio Version 17
VisualStudioVersion = 17.3.32825.248
MinimumVisualStudioVersion = 10.0.40219.1
Project("{9A19103F-16F7-4668-BE54-9A1E7A4F7556}") = "lr1-1", "lr1-1\lr1-1.csproj", "{2C31E962-D436-4E2F-AF13-DD9D4DEBC196}"
EndProject
Project("{9A19103F-16F7-4668-BE54-9A1E7A4F7556}") = "Contracts", "Contracts\Contracts.csproj", "{A8918653-C244-4685-9EDF-555EED3A45E5}"
EndProject
Project("{9A19103F-16F7-4668-BE54-9A1E7A4F7556}") = "LoggerService", "LoggerService\LoggerService.csproj", "{E210C1DC-5749-4119-A590-0C73CF965148}"
EndProject
Project("{9A19103F-16F7-4668-BE54-9A1E7A4F7556}") = "Entities", "Entities\Entities.csproj", "{B5FB955F-7995-48F4-AB6F-42162D92BB48}"
EndProject
Project("{FAE04EC0-301F-11D3-BF4B-00C04F79EFBC}") = "Repository", "Repository\Repository.csproj", "{EB292F9E-1A98-4172-BC86-361A6261BDCA}"
EndProject
Global
	GlobalSection(SolutionConfigurationPlatforms) = preSolution
		Debug|Any CPU = Debug|Any CPU
		Release|Any CPU = Release|Any CPU
	EndGlobalSection
	GlobalSection(ProjectConfigurationPlatforms) = postSolution
		{2C31E962-D436-4E2F-AF13-DD9D4DEBC196}.Debug|Any CPU.ActiveCfg = Debug|Any CPU
		{2C31E962-D436-4E2F-AF13-DD9D4DEBC196}.Debug|Any CPU.Build.0 = Debug|Any CPU
		{2C31E962-D436-4E2F-AF13-DD9D4DEBC196}.Release|Any CPU.ActiveCfg = Release|Any CPU
		{2C31E962-D436-4E2F-AF13-DD9D4DEBC196}.Release|Any CPU.Build.0 = Release|Any CPU
		{A8918653-C244-4685-9EDF-555EED3A45E5}.Debug|Any CPU.ActiveCfg = Debug|Any CPU
		{A8918653-C244-4685-9EDF-555EED3A45E5}.Debug|Any CPU.Build.0 = Debug|Any CPU
		{A8918653-C244-4685-9EDF-555EED3A45E5}.Release|Any CPU.ActiveCfg = Release|Any CPU
		{A8918653-C244-4685-9EDF-555EED3A45E5}.Release|Any CPU.Build.0 = Release|Any CPU
		{E210C1DC-5749-4119-A590-0C73CF965148}.Debug|Any CPU.ActiveCfg = Debug|Any CPU
		{E210C1DC-5749-4119-A590-0C73CF965148}.Debug|Any CPU.Build.0 = Debug|Any CPU
		{E210C1DC-5749-4119-A590-0C73CF965148}.Release|Any CPU.ActiveCfg = Release|Any CPU
		{E210C1DC-5749-4119-A590-0C73CF965148}.Release|Any CPU.Build.0 = Release|Any CPU
		{B5FB955F-7995-48F4-AB6F-42162D92BB48}.Debug|Any CPU.ActiveCfg = Debug|Any CPU
		{B5FB955F-7995-48F4-AB6F-42162D92BB48}.Debug|Any CPU.Build.0 = Debug|Any CPU
		{B5FB955F-7995-48F4-AB6F-42162D92BB48}.Release|Any CPU.ActiveCfg = Release|Any CPU
		{B5FB955F-7995-48F4-AB6F-42162D92BB48}.Release|Any CPU.Build.0 = Release|Any CPU
		{EB292F9E-1A98-4172-BC86-361A6261BDCA}.Debug|Any CPU.ActiveCfg = Debug|Any CPU
		{EB292F9E-1A98-4172-BC86-361A6261BDCA}.Debug|Any CPU.Build.0 = Debug|Any CPU
		{EB292F9E-1A98-4172-BC86-361A6261BDCA}.Release|Any CPU.ActiveCfg = Release|Any CPU
		{EB292F9E-1A98-4172-BC86-361A6261BDCA}.Release|Any CPU.Build.0 = Release|Any CPU
	EndGlobalSection
	GlobalSection(SolutionProperties) = preSolution
		HideSolutionNode = FALSE
	EndGlobalSection
	GlobalSection(ExtensibilityGlobals) = postSolution
		SolutionGuid = {A558150D-03CF-4051-8771-8FD6DE152B24}
	EndGlobalSection
EndGlobal
